// !$*UTF8*$!
{
	archiveVersion = 1;
	classes = {
	};
	objectVersion = 46;
	objects = {

/* Begin PBXBuildFile section */
		EB1150EF1D5E10AE0021C7EB /* AppDelegate.swift in Sources */ = {isa = PBXBuildFile; fileRef = EB1150EE1D5E10AE0021C7EB /* AppDelegate.swift */; };
		EB1150F11D5E10AE0021C7EB /* ViewController.swift in Sources */ = {isa = PBXBuildFile; fileRef = EB1150F01D5E10AE0021C7EB /* ViewController.swift */; };
		EB1150F41D5E10AE0021C7EB /* Main.storyboard in Resources */ = {isa = PBXBuildFile; fileRef = EB1150F21D5E10AE0021C7EB /* Main.storyboard */; };
		EB1150F61D5E10AE0021C7EB /* Assets.xcassets in Resources */ = {isa = PBXBuildFile; fileRef = EB1150F51D5E10AE0021C7EB /* Assets.xcassets */; };
		EB1150F91D5E10AE0021C7EB /* LaunchScreen.storyboard in Resources */ = {isa = PBXBuildFile; fileRef = EB1150F71D5E10AE0021C7EB /* LaunchScreen.storyboard */; };
		EB1151041D5E10AE0021C7EB /* _st_iOSTests.swift in Sources */ = {isa = PBXBuildFile; fileRef = EB1151031D5E10AE0021C7EB /* _st_iOSTests.swift */; };
		EB11510F1D5E10AE0021C7EB /* _st_iOSUITests.swift in Sources */ = {isa = PBXBuildFile; fileRef = EB11510E1D5E10AE0021C7EB /* _st_iOSUITests.swift */; };
/* End PBXBuildFile section */

/* Begin PBXContainerItemProxy section */
		EB1151001D5E10AE0021C7EB /* PBXContainerItemProxy */ = {
			isa = PBXContainerItemProxy;
			containerPortal = EB1150E31D5E10AE0021C7EB /* Project object */;
			proxyType = 1;
			remoteGlobalIDString = EB1150EA1D5E10AE0021C7EB;
			remoteInfo = "1st-iOS";
		};
		EB11510B1D5E10AE0021C7EB /* PBXContainerItemProxy */ = {
			isa = PBXContainerItemProxy;
			containerPortal = EB1150E31D5E10AE0021C7EB /* Project object */;
			proxyType = 1;
			remoteGlobalIDString = EB1150EA1D5E10AE0021C7EB;
			remoteInfo = "1st-iOS";
		};
/* End PBXContainerItemProxy section */

/* Begin PBXFileReference section */
		EB1150EB1D5E10AE0021C7EB /* 1st-iOS.app */ = {isa = PBXFileReference; explicitFileType = wrapper.application; includeInIndex = 0; path = "1st-iOS.app"; sourceTree = BUILT_PRODUCTS_DIR; };
		EB1150EE1D5E10AE0021C7EB /* AppDelegate.swift */ = {isa = PBXFileReference; lastKnownFileType = sourcecode.swift; path = AppDelegate.swift; sourceTree = "<group>"; };
		EB1150F01D5E10AE0021C7EB /* ViewController.swift */ = {isa = PBXFileReference; lastKnownFileType = sourcecode.swift; path = ViewController.swift; sourceTree = "<group>"; };
		EB1150F31D5E10AE0021C7EB /* Base */ = {isa = PBXFileReference; lastKnownFileType = file.storyboard; name = Base; path = Base.lproj/Main.storyboard; sourceTree = "<group>"; };
		EB1150F51D5E10AE0021C7EB /* Assets.xcassets */ = {isa = PBXFileReference; lastKnownFileType = folder.assetcatalog; path = Assets.xcassets; sourceTree = "<group>"; };
		EB1150F81D5E10AE0021C7EB /* Base */ = {isa = PBXFileReference; lastKnownFileType = file.storyboard; name = Base; path = Base.lproj/LaunchScreen.storyboard; sourceTree = "<group>"; };
		EB1150FA1D5E10AE0021C7EB /* Info.plist */ = {isa = PBXFileReference; lastKnownFileType = text.plist.xml; path = Info.plist; sourceTree = "<group>"; };
		EB1150FF1D5E10AE0021C7EB /* 1st-iOSTests.xctest */ = {isa = PBXFileReference; explicitFileType = wrapper.cfbundle; includeInIndex = 0; path = "1st-iOSTests.xctest"; sourceTree = BUILT_PRODUCTS_DIR; };
		EB1151031D5E10AE0021C7EB /* _st_iOSTests.swift */ = {isa = PBXFileReference; lastKnownFileType = sourcecode.swift; path = _st_iOSTests.swift; sourceTree = "<group>"; };
		EB1151051D5E10AE0021C7EB /* Info.plist */ = {isa = PBXFileReference; lastKnownFileType = text.plist.xml; path = Info.plist; sourceTree = "<group>"; };
		EB11510A1D5E10AE0021C7EB /* 1st-iOSUITests.xctest */ = {isa = PBXFileReference; explicitFileType = wrapper.cfbundle; includeInIndex = 0; path = "1st-iOSUITests.xctest"; sourceTree = BUILT_PRODUCTS_DIR; };
		EB11510E1D5E10AE0021C7EB /* _st_iOSUITests.swift */ = {isa = PBXFileReference; lastKnownFileType = sourcecode.swift; path = _st_iOSUITests.swift; sourceTree = "<group>"; };
		EB1151101D5E10AE0021C7EB /* Info.plist */ = {isa = PBXFileReference; lastKnownFileType = text.plist.xml; path = Info.plist; sourceTree = "<group>"; };
/* End PBXFileReference section */

/* Begin PBXFrameworksBuildPhase section */
		EB1150E81D5E10AE0021C7EB /* Frameworks */ = {
			isa = PBXFrameworksBuildPhase;
			buildActionMask = 2147483647;
			files = (
			);
			runOnlyForDeploymentPostprocessing = 0;
		};
		EB1150FC1D5E10AE0021C7EB /* Frameworks */ = {
			isa = PBXFrameworksBuildPhase;
			buildActionMask = 2147483647;
			files = (
			);
			runOnlyForDeploymentPostprocessing = 0;
		};
		EB1151071D5E10AE0021C7EB /* Frameworks */ = {
			isa = PBXFrameworksBuildPhase;
			buildActionMask = 2147483647;
			files = (
			);
			runOnlyForDeploymentPostprocessing = 0;
		};
/* End PBXFrameworksBuildPhase section */

/* Begin PBXGroup section */
		EB1150E21D5E10AE0021C7EB = {
			isa = PBXGroup;
			children = (
				EB1150ED1D5E10AE0021C7EB /* 1st-iOS */,
				EB1151021D5E10AE0021C7EB /* 1st-iOSTests */,
				EB11510D1D5E10AE0021C7EB /* 1st-iOSUITests */,
				EB1150EC1D5E10AE0021C7EB /* Products */,
			);
			sourceTree = "<group>";
		};
		EB1150EC1D5E10AE0021C7EB /* Products */ = {
			isa = PBXGroup;
			children = (
				EB1150EB1D5E10AE0021C7EB /* 1st-iOS.app */,
				EB1150FF1D5E10AE0021C7EB /* 1st-iOSTests.xctest */,
				EB11510A1D5E10AE0021C7EB /* 1st-iOSUITests.xctest */,
			);
			name = Products;
			sourceTree = "<group>";
		};
		EB1150ED1D5E10AE0021C7EB /* 1st-iOS */ = {
			isa = PBXGroup;
			children = (
				EB1150EE1D5E10AE0021C7EB /* AppDelegate.swift */,
				EB1150F01D5E10AE0021C7EB /* ViewController.swift */,
				EB1150F21D5E10AE0021C7EB /* Main.storyboard */,
				EB1150F51D5E10AE0021C7EB /* Assets.xcassets */,
				EB1150F71D5E10AE0021C7EB /* LaunchScreen.storyboard */,
				EB1150FA1D5E10AE0021C7EB /* Info.plist */,
			);
			path = "1st-iOS";
			sourceTree = "<group>";
		};
		EB1151021D5E10AE0021C7EB /* 1st-iOSTests */ = {
			isa = PBXGroup;
			children = (
				EB1151031D5E10AE0021C7EB /* _st_iOSTests.swift */,
				EB1151051D5E10AE0021C7EB /* Info.plist */,
			);
			path = "1st-iOSTests";
			sourceTree = "<group>";
		};
		EB11510D1D5E10AE0021C7EB /* 1st-iOSUITests */ = {
			isa = PBXGroup;
			children = (
				EB11510E1D5E10AE0021C7EB /* _st_iOSUITests.swift */,
				EB1151101D5E10AE0021C7EB /* Info.plist */,
			);
			path = "1st-iOSUITests";
			sourceTree = "<group>";
		};
/* End PBXGroup section */

/* Begin PBXNativeTarget section */
		EB1150EA1D5E10AE0021C7EB /* 1st-iOS */ = {
			isa = PBXNativeTarget;
			buildConfigurationList = EB1151131D5E10AE0021C7EB /* Build configuration list for PBXNativeTarget "1st-iOS" */;
			buildPhases = (
				EB1150E71D5E10AE0021C7EB /* Sources */,
				EB1150E81D5E10AE0021C7EB /* Frameworks */,
				EB1150E91D5E10AE0021C7EB /* Resources */,
			);
			buildRules = (
			);
			dependencies = (
			);
			name = "1st-iOS";
			productName = "1st-iOS";
			productReference = EB1150EB1D5E10AE0021C7EB /* 1st-iOS.app */;
			productType = "com.apple.product-type.application";
		};
		EB1150FE1D5E10AE0021C7EB /* 1st-iOSTests */ = {
			isa = PBXNativeTarget;
			buildConfigurationList = EB1151161D5E10AE0021C7EB /* Build configuration list for PBXNativeTarget "1st-iOSTests" */;
			buildPhases = (
				EB1150FB1D5E10AE0021C7EB /* Sources */,
				EB1150FC1D5E10AE0021C7EB /* Frameworks */,
				EB1150FD1D5E10AE0021C7EB /* Resources */,
			);
			buildRules = (
			);
			dependencies = (
				EB1151011D5E10AE0021C7EB /* PBXTargetDependency */,
			);
			name = "1st-iOSTests";
			productName = "1st-iOSTests";
			productReference = EB1150FF1D5E10AE0021C7EB /* 1st-iOSTests.xctest */;
			productType = "com.apple.product-type.bundle.unit-test";
		};
		EB1151091D5E10AE0021C7EB /* 1st-iOSUITests */ = {
			isa = PBXNativeTarget;
			buildConfigurationList = EB1151191D5E10AE0021C7EB /* Build configuration list for PBXNativeTarget "1st-iOSUITests" */;
			buildPhases = (
				EB1151061D5E10AE0021C7EB /* Sources */,
				EB1151071D5E10AE0021C7EB /* Frameworks */,
				EB1151081D5E10AE0021C7EB /* Resources */,
			);
			buildRules = (
			);
			dependencies = (
				EB11510C1D5E10AE0021C7EB /* PBXTargetDependency */,
			);
			name = "1st-iOSUITests";
			productName = "1st-iOSUITests";
			productReference = EB11510A1D5E10AE0021C7EB /* 1st-iOSUITests.xctest */;
			productType = "com.apple.product-type.bundle.ui-testing";
		};
/* End PBXNativeTarget section */

/* Begin PBXProject section */
		EB1150E31D5E10AE0021C7EB /* Project object */ = {
			isa = PBXProject;
			attributes = {
				LastSwiftUpdateCheck = 0720;
				LastUpgradeCheck = 0720;
				ORGANIZATIONNAME = "Pedro Alves";
				TargetAttributes = {
					EB1150EA1D5E10AE0021C7EB = {
						CreatedOnToolsVersion = 7.2;
						DevelopmentTeam = 43L6UF66S9;
					};
					EB1150FE1D5E10AE0021C7EB = {
						CreatedOnToolsVersion = 7.2;
						DevelopmentTeam = 43L6UF66S9;
						TestTargetID = EB1150EA1D5E10AE0021C7EB;
					};
					EB1151091D5E10AE0021C7EB = {
						CreatedOnToolsVersion = 7.2;
						DevelopmentTeam = 43L6UF66S9;
						TestTargetID = EB1150EA1D5E10AE0021C7EB;
					};
				};
			};
			buildConfigurationList = EB1150E61D5E10AE0021C7EB /* Build configuration list for PBXProject "1st-iOS" */;
			compatibilityVersion = "Xcode 3.2";
			developmentRegion = English;
			hasScannedForEncodings = 0;
			knownRegions = (
				en,
				Base,
			);
			mainGroup = EB1150E21D5E10AE0021C7EB;
			productRefGroup = EB1150EC1D5E10AE0021C7EB /* Products */;
			projectDirPath = "";
			projectRoot = "";
			targets = (
				EB1150EA1D5E10AE0021C7EB /* 1st-iOS */,
				EB1150FE1D5E10AE0021C7EB /* 1st-iOSTests */,
				EB1151091D5E10AE0021C7EB /* 1st-iOSUITests */,
			);
		};
/* End PBXProject section */

/* Begin PBXResourcesBuildPhase section */
		EB1150E91D5E10AE0021C7EB /* Resources */ = {
			isa = PBXResourcesBuildPhase;
			buildActionMask = 2147483647;
			files = (
				EB1150F91D5E10AE0021C7EB /* LaunchScreen.storyboard in Resources */,
				EB1150F61D5E10AE0021C7EB /* Assets.xcassets in Resources */,
				EB1150F41D5E10AE0021C7EB /* Main.storyboard in Resources */,
			);
			runOnlyForDeploymentPostprocessing = 0;
		};
		EB1150FD1D5E10AE0021C7EB /* Resources */ = {
			isa = PBXResourcesBuildPhase;
			buildActionMask = 2147483647;
			files = (
			);
			runOnlyForDeploymentPostprocessing = 0;
		};
		EB1151081D5E10AE0021C7EB /* Resources */ = {
			isa = PBXResourcesBuildPhase;
			buildActionMask = 2147483647;
			files = (
			);
			runOnlyForDeploymentPostprocessing = 0;
		};
/* End PBXResourcesBuildPhase section */

/* Begin PBXSourcesBuildPhase section */
		EB1150E71D5E10AE0021C7EB /* Sources */ = {
			isa = PBXSourcesBuildPhase;
			buildActionMask = 2147483647;
			files = (
				EB1150F11D5E10AE0021C7EB /* ViewController.swift in Sources */,
				EB1150EF1D5E10AE0021C7EB /* AppDelegate.swift in Sources */,
			);
			runOnlyForDeploymentPostprocessing = 0;
		};
		EB1150FB1D5E10AE0021C7EB /* Sources */ = {
			isa = PBXSourcesBuildPhase;
			buildActionMask = 2147483647;
			files = (
				EB1151041D5E10AE0021C7EB /* _st_iOSTests.swift in Sources */,
			);
			runOnlyForDeploymentPostprocessing = 0;
		};
		EB1151061D5E10AE0021C7EB /* Sources */ = {
			isa = PBXSourcesBuildPhase;
			buildActionMask = 2147483647;
			files = (
				EB11510F1D5E10AE0021C7EB /* _st_iOSUITests.swift in Sources */,
			);
			runOnlyForDeploymentPostprocessing = 0;
		};
/* End PBXSourcesBuildPhase section */

/* Begin PBXTargetDependency section */
		EB1151011D5E10AE0021C7EB /* PBXTargetDependency */ = {
			isa = PBXTargetDependency;
			target = EB1150EA1D5E10AE0021C7EB /* 1st-iOS */;
			targetProxy = EB1151001D5E10AE0021C7EB /* PBXContainerItemProxy */;
		};
		EB11510C1D5E10AE0021C7EB /* PBXTargetDependency */ = {
			isa = PBXTargetDependency;
			target = EB1150EA1D5E10AE0021C7EB /* 1st-iOS */;
			targetProxy = EB11510B1D5E10AE0021C7EB /* PBXContainerItemProxy */;
		};
/* End PBXTargetDependency section */

/* Begin PBXVariantGroup section */
		EB1150F21D5E10AE0021C7EB /* Main.storyboard */ = {
			isa = PBXVariantGroup;
			children = (
				EB1150F31D5E10AE0021C7EB /* Base */,
			);
			name = Main.storyboard;
			sourceTree = "<group>";
		};
		EB1150F71D5E10AE0021C7EB /* LaunchScreen.storyboard */ = {
			isa = PBXVariantGroup;
			children = (
				EB1150F81D5E10AE0021C7EB /* Base */,
			);
			name = LaunchScreen.storyboard;
			sourceTree = "<group>";
		};
/* End PBXVariantGroup section */

/* Begin XCBuildConfiguration section */
		EB1151111D5E10AE0021C7EB /* Debug */ = {
			isa = XCBuildConfiguration;
			buildSettings = {
				ALWAYS_SEARCH_USER_PATHS = NO;
				CLANG_CXX_LANGUAGE_STANDARD = "gnu++0x";
				CLANG_CXX_LIBRARY = "libc++";
				CLANG_ENABLE_MODULES = YES;
				CLANG_ENABLE_OBJC_ARC = YES;
				CLANG_WARN_BOOL_CONVERSION = YES;
				CLANG_WARN_CONSTANT_CONVERSION = YES;
				CLANG_WARN_DIRECT_OBJC_ISA_USAGE = YES_ERROR;
				CLANG_WARN_EMPTY_BODY = YES;
				CLANG_WARN_ENUM_CONVERSION = YES;
				CLANG_WARN_INT_CONVERSION = YES;
				CLANG_WARN_OBJC_ROOT_CLASS = YES_ERROR;
				CLANG_WARN_UNREACHABLE_CODE = YES;
				CLANG_WARN__DUPLICATE_METHOD_MATCH = YES;
				"CODE_SIGN_IDENTITY[sdk=iphoneos*]" = "iPhone Developer";
				COPY_PHASE_STRIP = NO;
				DEBUG_INFORMATION_FORMAT = dwarf;
				ENABLE_STRICT_OBJC_MSGSEND = YES;
				ENABLE_TESTABILITY = YES;
				GCC_C_LANGUAGE_STANDARD = gnu99;
				GCC_DYNAMIC_NO_PIC = NO;
				GCC_NO_COMMON_BLOCKS = YES;
				GCC_OPTIMIZATION_LEVEL = 0;
				GCC_PREPROCESSOR_DEFINITIONS = (
					"DEBUG=1",
					"$(inherited)",
				);
				GCC_WARN_64_TO_32_BIT_CONVERSION = YES;
				GCC_WARN_ABOUT_RETURN_TYPE = YES_ERROR;
				GCC_WARN_UNDECLARED_SELECTOR = YES;
				GCC_WARN_UNINITIALIZED_AUTOS = YES_AGGRESSIVE;
				GCC_WARN_UNUSED_FUNCTION = YES;
				GCC_WARN_UNUSED_VARIABLE = YES;
				IPHONEOS_DEPLOYMENT_TARGET = 9.2;
				MTL_ENABLE_DEBUG_INFO = YES;
				ONLY_ACTIVE_ARCH = YES;
				SDKROOT = iphoneos;
				SWIFT_OPTIMIZATION_LEVEL = "-Onone";
			};
			name = Debug;
		};
		EB1151121D5E10AE0021C7EB /* Release */ = {
			isa = XCBuildConfiguration;
			buildSettings = {
				ALWAYS_SEARCH_USER_PATHS = NO;
				CLANG_CXX_LANGUAGE_STANDARD = "gnu++0x";
				CLANG_CXX_LIBRARY = "libc++";
				CLANG_ENABLE_MODULES = YES;
				CLANG_ENABLE_OBJC_ARC = YES;
				CLANG_WARN_BOOL_CONVERSION = YES;
				CLANG_WARN_CONSTANT_CONVERSION = YES;
				CLANG_WARN_DIRECT_OBJC_ISA_USAGE = YES_ERROR;
				CLANG_WARN_EMPTY_BODY = YES;
				CLANG_WARN_ENUM_CONVERSION = YES;
				CLANG_WARN_INT_CONVERSION = YES;
				CLANG_WARN_OBJC_ROOT_CLASS = YES_ERROR;
				CLANG_WARN_UNREACHABLE_CODE = YES;
				CLANG_WARN__DUPLICATE_METHOD_MATCH = YES;
				"CODE_SIGN_IDENTITY[sdk=iphoneos*]" = "iPhone Developer";
				COPY_PHASE_STRIP = NO;
				DEBUG_INFORMATION_FORMAT = "dwarf-with-dsym";
				ENABLE_NS_ASSERTIONS = NO;
				ENABLE_STRICT_OBJC_MSGSEND = YES;
				GCC_C_LANGUAGE_STANDARD = gnu99;
				GCC_NO_COMMON_BLOCKS = YES;
				GCC_WARN_64_TO_32_BIT_CONVERSION = YES;
				GCC_WARN_ABOUT_RETURN_TYPE = YES_ERROR;
				GCC_WARN_UNDECLARED_SELECTOR = YES;
				GCC_WARN_UNINITIALIZED_AUTOS = YES_AGGRESSIVE;
				GCC_WARN_UNUSED_FUNCTION = YES;
				GCC_WARN_UNUSED_VARIABLE = YES;
				IPHONEOS_DEPLOYMENT_TARGET = 9.2;
				MTL_ENABLE_DEBUG_INFO = NO;
				SDKROOT = iphoneos;
				VALIDATE_PRODUCT = YES;
			};
			name = Release;
		};
		EB1151141D5E10AE0021C7EB /* Debug */ = {
			isa = XCBuildConfiguration;
			buildSettings = {
				ASSETCATALOG_COMPILER_APPICON_NAME = AppIcon;
				INFOPLIST_FILE = "1st-iOS/Info.plist";
				LD_RUNPATH_SEARCH_PATHS = "$(inherited) @executable_path/Frameworks";
				PRODUCT_BUNDLE_IDENTIFIER = "br.com.pedroalves.-st-iOS";
				PRODUCT_NAME = "$(TARGET_NAME)";
			};
			name = Debug;
		};
		EB1151151D5E10AE0021C7EB /* Release */ = {
			isa = XCBuildConfiguration;
			buildSettings = {
				ASSETCATALOG_COMPILER_APPICON_NAME = AppIcon;
				INFOPLIST_FILE = "1st-iOS/Info.plist";
				LD_RUNPATH_SEARCH_PATHS = "$(inherited) @executable_path/Frameworks";
				PRODUCT_BUNDLE_IDENTIFIER = "br.com.pedroalves.-st-iOS";
				PRODUCT_NAME = "$(TARGET_NAME)";
			};
			name = Release;
		};
		EB1151171D5E10AE0021C7EB /* Debug */ = {
			isa = XCBuildConfiguration;
			buildSettings = {
				BUNDLE_LOADER = "$(TEST_HOST)";
				INFOPLIST_FILE = "1st-iOSTests/Info.plist";
				LD_RUNPATH_SEARCH_PATHS = "$(inherited) @executable_path/Frameworks @loader_path/Frameworks";
				PRODUCT_BUNDLE_IDENTIFIER = "br.com.pedroalves.-st-iOSTests";
				PRODUCT_NAME = "$(TARGET_NAME)";
				TEST_HOST = "$(BUILT_PRODUCTS_DIR)/1st-iOS.app/1st-iOS";
			};
			name = Debug;
		};
		EB1151181D5E10AE0021C7EB /* Release */ = {
			isa = XCBuildConfiguration;
			buildSettings = {
				BUNDLE_LOADER = "$(TEST_HOST)";
				INFOPLIST_FILE = "1st-iOSTests/Info.plist";
				LD_RUNPATH_SEARCH_PATHS = "$(inherited) @executable_path/Frameworks @loader_path/Frameworks";
				PRODUCT_BUNDLE_IDENTIFIER = "br.com.pedroalves.-st-iOSTests";
				PRODUCT_NAME = "$(TARGET_NAME)";
				TEST_HOST = "$(BUILT_PRODUCTS_DIR)/1st-iOS.app/1st-iOS";
			};
			name = Release;
		};
		EB11511A1D5E10AE0021C7EB /* Debug */ = {
			isa = XCBuildConfiguration;
			buildSettings = {
				INFOPLIST_FILE = "1st-iOSUITests/Info.plist";
				LD_RUNPATH_SEARCH_PATHS = "$(inherited) @executable_path/Frameworks @loader_path/Frameworks";
				PRODUCT_BUNDLE_IDENTIFIER = "br.com.pedroalves.-st-iOSUITests";
				PRODUCT_NAME = "$(TARGET_NAME)";
				TEST_TARGET_NAME = "1st-iOS";
				USES_XCTRUNNER = YES;
			};
			name = Debug;
		};
		EB11511B1D5E10AE0021C7EB /* Release */ = {
			isa = XCBuildConfiguration;
			buildSettings = {
				INFOPLIST_FILE = "1st-iOSUITests/Info.plist";
				LD_RUNPATH_SEARCH_PATHS = "$(inherited) @executable_path/Frameworks @loader_path/Frameworks";
				PRODUCT_BUNDLE_IDENTIFIER = "br.com.pedroalves.-st-iOSUITests";
				PRODUCT_NAME = "$(TARGET_NAME)";
				TEST_TARGET_NAME = "1st-iOS";
				USES_XCTRUNNER = YES;
			};
			name = Release;
		};
/* End XCBuildConfiguration section */

/* Begin XCConfigurationList section */
		EB1150E61D5E10AE0021C7EB /* Build configuration list for PBXProject "1st-iOS" */ = {
			isa = XCConfigurationList;
			buildConfigurations = (
				EB1151111D5E10AE0021C7EB /* Debug */,
				EB1151121D5E10AE0021C7EB /* Release */,
			);
			defaultConfigurationIsVisible = 0;
			defaultConfigurationName = Release;
		};
		EB1151131D5E10AE0021C7EB /* Build configuration list for PBXNativeTarget "1st-iOS" */ = {
			isa = XCConfigurationList;
			buildConfigurations = (
				EB1151141D5E10AE0021C7EB /* Debug */,
				EB1151151D5E10AE0021C7EB /* Release */,
			);
			defaultConfigurationIsVisible = 0;
		};
		EB1151161D5E10AE0021C7EB /* Build configuration list for PBXNativeTarget "1st-iOSTests" */ = {
			isa = XCConfigurationList;
			buildConfigurations = (
				EB1151171D5E10AE0021C7EB /* Debug */,
				EB1151181D5E10AE0021C7EB /* Release */,
			);
			defaultConfigurationIsVisible = 0;
		};
		EB1151191D5E10AE0021C7EB /* Build configuration list for PBXNativeTarget "1st-iOSUITests" */ = {
			isa = XCConfigurationList;
			buildConfigurations = (
				EB11511A1D5E10AE0021C7EB /* Debug */,
				EB11511B1D5E10AE0021C7EB /* Release */,
			);
			defaultConfigurationIsVisible = 0;
		};
/* End XCConfigurationList section */
	};
	rootObject = EB1150E31D5E10AE0021C7EB /* Project object */;
}
